// !$*UTF8*$!
{
	archiveVersion = 1;
	classes = {
	};
	objectVersion = 56;
	objects = {

/* Begin PBXBuildFile section */
		914AD3202A5BE8420010DEF5 /* SmallSquareBoxApp.swift in Sources */ = {isa = PBXBuildFile; fileRef = 914AD31F2A5BE8420010DEF5 /* SmallSquareBoxApp.swift */; };
		914AD3242A5BE8420010DEF5 /* Assets.xcassets in Resources */ = {isa = PBXBuildFile; fileRef = 914AD3232A5BE8420010DEF5 /* Assets.xcassets */; };
		914AD3272A5BE8420010DEF5 /* Preview Assets.xcassets in Resources */ = {isa = PBXBuildFile; fileRef = 914AD3262A5BE8420010DEF5 /* Preview Assets.xcassets */; };
		914AD3312A5BE8430010DEF5 /* SmallSquareBoxTests.swift in Sources */ = {isa = PBXBuildFile; fileRef = 914AD3302A5BE8430010DEF5 /* SmallSquareBoxTests.swift */; };
		914AD33B2A5BE8430010DEF5 /* SmallSquareBoxUITests.swift in Sources */ = {isa = PBXBuildFile; fileRef = 914AD33A2A5BE8430010DEF5 /* SmallSquareBoxUITests.swift */; };
		914AD33D2A5BE8430010DEF5 /* SmallSquareBoxUITestsLaunchTests.swift in Sources */ = {isa = PBXBuildFile; fileRef = 914AD33C2A5BE8430010DEF5 /* SmallSquareBoxUITestsLaunchTests.swift */; };
		914AD34D2A5C252C0010DEF5 /* RootView.swift in Sources */ = {isa = PBXBuildFile; fileRef = 914AD34C2A5C252C0010DEF5 /* RootView.swift */; };
		914AD3552A5C31520010DEF5 /* BookstorePage.swift in Sources */ = {isa = PBXBuildFile; fileRef = 914AD3542A5C31520010DEF5 /* BookstorePage.swift */; };
		914AD3572A5C31660010DEF5 /* HomeView1.swift in Sources */ = {isa = PBXBuildFile; fileRef = 914AD3562A5C31660010DEF5 /* HomeView1.swift */; };
		914AD3592A5C316F0010DEF5 /* HomeView3.swift in Sources */ = {isa = PBXBuildFile; fileRef = 914AD3582A5C316F0010DEF5 /* HomeView3.swift */; };
		914AD35B2A5C31780010DEF5 /* HomeView4.swift in Sources */ = {isa = PBXBuildFile; fileRef = 914AD35A2A5C31780010DEF5 /* HomeView4.swift */; };
		914AD35D2A5D31BD0010DEF5 /* DetailsView01.swift in Sources */ = {isa = PBXBuildFile; fileRef = 914AD35C2A5D31BD0010DEF5 /* DetailsView01.swift */; };
		914AD35F2A5D426A0010DEF5 /* DetailsView02.swift in Sources */ = {isa = PBXBuildFile; fileRef = 914AD35E2A5D426A0010DEF5 /* DetailsView02.swift */; };
		914AD3612A5D42740010DEF5 /* DetailsView03.swift in Sources */ = {isa = PBXBuildFile; fileRef = 914AD3602A5D42740010DEF5 /* DetailsView03.swift */; };
		914AD3632A5D427F0010DEF5 /* DetailsView04.swift in Sources */ = {isa = PBXBuildFile; fileRef = 914AD3622A5D427F0010DEF5 /* DetailsView04.swift */; };
		914AD3662A5D43300010DEF5 /* DetailsView05.swift in Sources */ = {isa = PBXBuildFile; fileRef = 914AD3652A5D43300010DEF5 /* DetailsView05.swift */; };
		914AD3682A5D43380010DEF5 /* DetailsView06.swift in Sources */ = {isa = PBXBuildFile; fileRef = 914AD3672A5D43380010DEF5 /* DetailsView06.swift */; };
		914AD36A2A5D43420010DEF5 /* DetailsView07.swift in Sources */ = {isa = PBXBuildFile; fileRef = 914AD3692A5D43420010DEF5 /* DetailsView07.swift */; };
		914AD36D2A5D900F0010DEF5 /* NoteItem.swift in Sources */ = {isa = PBXBuildFile; fileRef = 914AD36C2A5D900F0010DEF5 /* NoteItem.swift */; };
		914AD36F2A5E52860010DEF5 /* NewNoteView.swift in Sources */ = {isa = PBXBuildFile; fileRef = 914AD36E2A5E52860010DEF5 /* NewNoteView.swift */; };
		914AD3712A5E94F70010DEF5 /* ToastViewModifier.swift in Sources */ = {isa = PBXBuildFile; fileRef = 914AD3702A5E94F70010DEF5 /* ToastViewModifier.swift */; };
		914AD3732A5EBE7E0010DEF5 /* NoteModel.swift in Sources */ = {isa = PBXBuildFile; fileRef = 914AD3722A5EBE7E0010DEF5 /* NoteModel.swift */; };
		914AD3752A5EBFAC0010DEF5 /* ViewModel.swift in Sources */ = {isa = PBXBuildFile; fileRef = 914AD3742A5EBFAC0010DEF5 /* ViewModel.swift */; };
		914AD3792A5ECFB80010DEF5 /* DetailsView0MVVM.swift in Sources */ = {isa = PBXBuildFile; fileRef = 914AD3782A5ECFB80010DEF5 /* DetailsView0MVVM.swift */; };
		914AD37B2A5ECFD00010DEF5 /* NewNoteViewMVVM.swift in Sources */ = {isa = PBXBuildFile; fileRef = 914AD37A2A5ECFD00010DEF5 /* NewNoteViewMVVM.swift */; };
		9191B9E32A60229C000D772B /* MyMenu.swift in Sources */ = {isa = PBXBuildFile; fileRef = 9191B9E22A60229C000D772B /* MyMenu.swift */; };
		9191B9E82A602336000D772B /* ViewModelMyMenu.swift in Sources */ = {isa = PBXBuildFile; fileRef = 9191B9E72A602336000D772B /* ViewModelMyMenu.swift */; };
		9191B9EA2A6026B5000D772B /* LoadingView.swift in Sources */ = {isa = PBXBuildFile; fileRef = 9191B9E92A6026B5000D772B /* LoadingView.swift */; };
		91ADFF5A2A604C6E00A3922F /* ColorHexString.swift in Sources */ = {isa = PBXBuildFile; fileRef = 91ADFF592A604C6E00A3922F /* ColorHexString.swift */; };
		91ADFF5D2A612BB400A3922F /* BookstoreListViewModel.swift in Sources */ = {isa = PBXBuildFile; fileRef = 91ADFF5C2A612BB400A3922F /* BookstoreListViewModel.swift */; };
		91ADFF5F2A612BD200A3922F /* BookGridView.swift in Sources */ = {isa = PBXBuildFile; fileRef = 91ADFF5E2A612BD200A3922F /* BookGridView.swift */; };
		91ADFF612A612BE700A3922F /* BookHybirdView.swift in Sources */ = {isa = PBXBuildFile; fileRef = 91ADFF602A612BE700A3922F /* BookHybirdView.swift */; };
		91ADFF632A612BFB00A3922F /* BookstoreMenuView.swift in Sources */ = {isa = PBXBuildFile; fileRef = 91ADFF622A612BFB00A3922F /* BookstoreMenuView.swift */; };
		91ADFF652A612C0800A3922F /* BookHorizontalView.swift in Sources */ = {isa = PBXBuildFile; fileRef = 91ADFF642A612C0800A3922F /* BookHorizontalView.swift */; };
		91ADFF672A612C2300A3922F /* BookstoreListView.swift in Sources */ = {isa = PBXBuildFile; fileRef = 91ADFF662A612C2300A3922F /* BookstoreListView.swift */; };
		91ADFF692A612C3C00A3922F /* BookstoreListType.swift in Sources */ = {isa = PBXBuildFile; fileRef = 91ADFF682A612C3C00A3922F /* BookstoreListType.swift */; };
		91ADFF6B2A612C5600A3922F /* BookstoreService.swift in Sources */ = {isa = PBXBuildFile; fileRef = 91ADFF6A2A612C5600A3922F /* BookstoreService.swift */; };
		91ADFF742A612D6200A3922F /* BookVItemView.swift in Sources */ = {isa = PBXBuildFile; fileRef = 91ADFF732A612D6200A3922F /* BookVItemView.swift */; };
		91ADFF762A612D7600A3922F /* TopBarView.swift in Sources */ = {isa = PBXBuildFile; fileRef = 91ADFF752A612D7600A3922F /* TopBarView.swift */; };
		91ADFF782A612D8800A3922F /* SectionHeader.swift in Sources */ = {isa = PBXBuildFile; fileRef = 91ADFF772A612D8800A3922F /* SectionHeader.swift */; };
		91ADFF7A2A612D9600A3922F /* DeferView.swift in Sources */ = {isa = PBXBuildFile; fileRef = 91ADFF792A612D9600A3922F /* DeferView.swift */; };
		91ADFF7C2A612DA800A3922F /* BookCover.swift in Sources */ = {isa = PBXBuildFile; fileRef = 91ADFF7B2A612DA800A3922F /* BookCover.swift */; };
		91ADFF7E2A612DBB00A3922F /* Avatar.swift in Sources */ = {isa = PBXBuildFile; fileRef = 91ADFF7D2A612DBB00A3922F /* Avatar.swift */; };
		91ADFF802A612DCB00A3922F /* BlurView.swift in Sources */ = {isa = PBXBuildFile; fileRef = 91ADFF7F2A612DCB00A3922F /* BlurView.swift */; };
		91ADFF822A612DDA00A3922F /* UIAlertController.swift in Sources */ = {isa = PBXBuildFile; fileRef = 91ADFF812A612DDA00A3922F /* UIAlertController.swift */; };
		91ADFF842A612DE800A3922F /* DeferNavigationLink.swift in Sources */ = {isa = PBXBuildFile; fileRef = 91ADFF832A612DE800A3922F /* DeferNavigationLink.swift */; };
		91ADFF872A612E1A00A3922F /* Color+Utility.swift in Sources */ = {isa = PBXBuildFile; fileRef = 91ADFF862A612E1A00A3922F /* Color+Utility.swift */; };
		91ADFF892A612E2D00A3922F /* Convertible.swift in Sources */ = {isa = PBXBuildFile; fileRef = 91ADFF882A612E2D00A3922F /* Convertible.swift */; };
		91ADFF8B2A612E3F00A3922F /* FoundationExtension.swift in Sources */ = {isa = PBXBuildFile; fileRef = 91ADFF8A2A612E3F00A3922F /* FoundationExtension.swift */; };
		91ADFF8D2A612E5500A3922F /* Screen.swift in Sources */ = {isa = PBXBuildFile; fileRef = 91ADFF8C2A612E5500A3922F /* Screen.swift */; };
		91ADFF8F2A61399C00A3922F /* ThemeColor.swift in Sources */ = {isa = PBXBuildFile; fileRef = 91ADFF8E2A61399C00A3922F /* ThemeColor.swift */; };
		91ADFF912A6139BB00A3922F /* Book.swift in Sources */ = {isa = PBXBuildFile; fileRef = 91ADFF902A6139BB00A3922F /* Book.swift */; };
		91ADFF932A613AC000A3922F /* BookDetailPage.swift in Sources */ = {isa = PBXBuildFile; fileRef = 91ADFF922A613AC000A3922F /* BookDetailPage.swift */; };
		91ADFF952A613B3000A3922F /* BookDetailViewModel.swift in Sources */ = {isa = PBXBuildFile; fileRef = 91ADFF942A613B3000A3922F /* BookDetailViewModel.swift */; };
		91ADFF972A613B5A00A3922F /* CommentCell.swift in Sources */ = {isa = PBXBuildFile; fileRef = 91ADFF962A613B5A00A3922F /* CommentCell.swift */; };
		91ADFF992A613B8200A3922F /* BookDetailHeader.swift in Sources */ = {isa = PBXBuildFile; fileRef = 91ADFF982A613B8200A3922F /* BookDetailHeader.swift */; };
		91ADFF9D2A613BFA00A3922F /* BookDetailService.swift in Sources */ = {isa = PBXBuildFile; fileRef = 91ADFF9C2A613BFA00A3922F /* BookDetailService.swift */; };
		91ADFF9F2A613C1C00A3922F /* ServiceError.swift in Sources */ = {isa = PBXBuildFile; fileRef = 91ADFF9E2A613C1C00A3922F /* ServiceError.swift */; };
		91FE3C192A61BF4D00F73D2E /* ImageWithURL.swift in Sources */ = {isa = PBXBuildFile; fileRef = 91FE3C182A61BF4D00F73D2E /* ImageWithURL.swift */; };
/* End PBXBuildFile section */

/* Begin PBXContainerItemProxy section */
		914AD32D2A5BE8430010DEF5 /* PBXContainerItemProxy */ = {
			isa = PBXContainerItemProxy;
			containerPortal = 914AD3142A5BE8420010DEF5 /* Project object */;
			proxyType = 1;
			remoteGlobalIDString = 914AD31B2A5BE8420010DEF5;
			remoteInfo = SmallSquareBox;
		};
		914AD3372A5BE8430010DEF5 /* PBXContainerItemProxy */ = {
			isa = PBXContainerItemProxy;
			containerPortal = 914AD3142A5BE8420010DEF5 /* Project object */;
			proxyType = 1;
			remoteGlobalIDString = 914AD31B2A5BE8420010DEF5;
			remoteInfo = SmallSquareBox;
		};
/* End PBXContainerItemProxy section */

/* Begin PBXFileReference section */
		2B5BB372E089F1ACB7075D96 /* Pods-SmallSquareBox.release.xcconfig */ = {isa = PBXFileReference; includeInIndex = 1; lastKnownFileType = text.xcconfig; name = "Pods-SmallSquareBox.release.xcconfig"; path = "Target Support Files/Pods-SmallSquareBox/Pods-SmallSquareBox.release.xcconfig"; sourceTree = "<group>"; };
		9016FAC5C072667049984CCA /* Pods-SmallSquareBox.debug.xcconfig */ = {isa = PBXFileReference; includeInIndex = 1; lastKnownFileType = text.xcconfig; name = "Pods-SmallSquareBox.debug.xcconfig"; path = "Target Support Files/Pods-SmallSquareBox/Pods-SmallSquareBox.debug.xcconfig"; sourceTree = "<group>"; };
		914AD31F2A5BE8420010DEF5 /* SmallSquareBoxApp.swift */ = {isa = PBXFileReference; lastKnownFileType = sourcecode.swift; path = SmallSquareBoxApp.swift; sourceTree = "<group>"; };
		914AD3232A5BE8420010DEF5 /* Assets.xcassets */ = {isa = PBXFileReference; lastKnownFileType = folder.assetcatalog; path = Assets.xcassets; sourceTree = "<group>"; };
		914AD3262A5BE8420010DEF5 /* Preview Assets.xcassets */ = {isa = PBXFileReference; lastKnownFileType = folder.assetcatalog; path = "Preview Assets.xcassets"; sourceTree = "<group>"; };
		914AD3302A5BE8430010DEF5 /* SmallSquareBoxTests.swift */ = {isa = PBXFileReference; lastKnownFileType = sourcecode.swift; path = SmallSquareBoxTests.swift; sourceTree = "<group>"; };
		914AD33A2A5BE8430010DEF5 /* SmallSquareBoxUITests.swift */ = {isa = PBXFileReference; lastKnownFileType = sourcecode.swift; path = SmallSquareBoxUITests.swift; sourceTree = "<group>"; };
		914AD33C2A5BE8430010DEF5 /* SmallSquareBoxUITestsLaunchTests.swift */ = {isa = PBXFileReference; lastKnownFileType = sourcecode.swift; path = SmallSquareBoxUITestsLaunchTests.swift; sourceTree = "<group>"; };
		914AD34C2A5C252C0010DEF5 /* RootView.swift */ = {isa = PBXFileReference; lastKnownFileType = sourcecode.swift; path = RootView.swift; sourceTree = "<group>"; };
		914AD3542A5C31520010DEF5 /* BookstorePage.swift */ = {isa = PBXFileReference; lastKnownFileType = sourcecode.swift; path = BookstorePage.swift; sourceTree = "<group>"; };
		914AD3562A5C31660010DEF5 /* HomeView1.swift */ = {isa = PBXFileReference; lastKnownFileType = sourcecode.swift; path = HomeView1.swift; sourceTree = "<group>"; };
		914AD3582A5C316F0010DEF5 /* HomeView3.swift */ = {isa = PBXFileReference; lastKnownFileType = sourcecode.swift; path = HomeView3.swift; sourceTree = "<group>"; };
		914AD35A2A5C31780010DEF5 /* HomeView4.swift */ = {isa = PBXFileReference; lastKnownFileType = sourcecode.swift; path = HomeView4.swift; sourceTree = "<group>"; };
		914AD35C2A5D31BD0010DEF5 /* DetailsView01.swift */ = {isa = PBXFileReference; lastKnownFileType = sourcecode.swift; path = DetailsView01.swift; sourceTree = "<group>"; };
		914AD35E2A5D426A0010DEF5 /* DetailsView02.swift */ = {isa = PBXFileReference; lastKnownFileType = sourcecode.swift; path = DetailsView02.swift; sourceTree = "<group>"; };
		914AD3602A5D42740010DEF5 /* DetailsView03.swift */ = {isa = PBXFileReference; lastKnownFileType = sourcecode.swift; path = DetailsView03.swift; sourceTree = "<group>"; };
		914AD3622A5D427F0010DEF5 /* DetailsView04.swift */ = {isa = PBXFileReference; lastKnownFileType = sourcecode.swift; path = DetailsView04.swift; sourceTree = "<group>"; };
		914AD3652A5D43300010DEF5 /* DetailsView05.swift */ = {isa = PBXFileReference; lastKnownFileType = sourcecode.swift; path = DetailsView05.swift; sourceTree = "<group>"; };
		914AD3672A5D43380010DEF5 /* DetailsView06.swift */ = {isa = PBXFileReference; lastKnownFileType = sourcecode.swift; path = DetailsView06.swift; sourceTree = "<group>"; };
		914AD3692A5D43420010DEF5 /* DetailsView07.swift */ = {isa = PBXFileReference; lastKnownFileType = sourcecode.swift; path = DetailsView07.swift; sourceTree = "<group>"; };
		914AD36C2A5D900F0010DEF5 /* NoteItem.swift */ = {isa = PBXFileReference; lastKnownFileType = sourcecode.swift; path = NoteItem.swift; sourceTree = "<group>"; };
		914AD36E2A5E52860010DEF5 /* NewNoteView.swift */ = {isa = PBXFileReference; lastKnownFileType = sourcecode.swift; path = NewNoteView.swift; sourceTree = "<group>"; };
		914AD3702A5E94F70010DEF5 /* ToastViewModifier.swift */ = {isa = PBXFileReference; lastKnownFileType = sourcecode.swift; path = ToastViewModifier.swift; sourceTree = "<group>"; };
		914AD3722A5EBE7E0010DEF5 /* NoteModel.swift */ = {isa = PBXFileReference; lastKnownFileType = sourcecode.swift; path = NoteModel.swift; sourceTree = "<group>"; };
		914AD3742A5EBFAC0010DEF5 /* ViewModel.swift */ = {isa = PBXFileReference; lastKnownFileType = sourcecode.swift; path = ViewModel.swift; sourceTree = "<group>"; };
		914AD3782A5ECFB80010DEF5 /* DetailsView0MVVM.swift */ = {isa = PBXFileReference; lastKnownFileType = sourcecode.swift; path = DetailsView0MVVM.swift; sourceTree = "<group>"; };
		914AD37A2A5ECFD00010DEF5 /* NewNoteViewMVVM.swift */ = {isa = PBXFileReference; lastKnownFileType = sourcecode.swift; path = NewNoteViewMVVM.swift; sourceTree = "<group>"; };
		9191B9E22A60229C000D772B /* MyMenu.swift */ = {isa = PBXFileReference; lastKnownFileType = sourcecode.swift; path = MyMenu.swift; sourceTree = "<group>"; };
		9191B9E72A602336000D772B /* ViewModelMyMenu.swift */ = {isa = PBXFileReference; lastKnownFileType = sourcecode.swift; path = ViewModelMyMenu.swift; sourceTree = "<group>"; };
		9191B9E92A6026B5000D772B /* LoadingView.swift */ = {isa = PBXFileReference; lastKnownFileType = sourcecode.swift; path = LoadingView.swift; sourceTree = "<group>"; };
		91ADFF592A604C6E00A3922F /* ColorHexString.swift */ = {isa = PBXFileReference; lastKnownFileType = sourcecode.swift; path = ColorHexString.swift; sourceTree = "<group>"; };
		91ADFF5C2A612BB400A3922F /* BookstoreListViewModel.swift */ = {isa = PBXFileReference; lastKnownFileType = sourcecode.swift; path = BookstoreListViewModel.swift; sourceTree = "<group>"; };
		91ADFF5E2A612BD200A3922F /* BookGridView.swift */ = {isa = PBXFileReference; lastKnownFileType = sourcecode.swift; path = BookGridView.swift; sourceTree = "<group>"; };
		91ADFF602A612BE700A3922F /* BookHybirdView.swift */ = {isa = PBXFileReference; lastKnownFileType = sourcecode.swift; path = BookHybirdView.swift; sourceTree = "<group>"; };
		91ADFF622A612BFB00A3922F /* BookstoreMenuView.swift */ = {isa = PBXFileReference; lastKnownFileType = sourcecode.swift; path = BookstoreMenuView.swift; sourceTree = "<group>"; };
		91ADFF642A612C0800A3922F /* BookHorizontalView.swift */ = {isa = PBXFileReference; lastKnownFileType = sourcecode.swift; path = BookHorizontalView.swift; sourceTree = "<group>"; };
		91ADFF662A612C2300A3922F /* BookstoreListView.swift */ = {isa = PBXFileReference; lastKnownFileType = sourcecode.swift; path = BookstoreListView.swift; sourceTree = "<group>"; };
		91ADFF682A612C3C00A3922F /* BookstoreListType.swift */ = {isa = PBXFileReference; lastKnownFileType = sourcecode.swift; path = BookstoreListType.swift; sourceTree = "<group>"; };
		91ADFF6A2A612C5600A3922F /* BookstoreService.swift */ = {isa = PBXFileReference; lastKnownFileType = sourcecode.swift; path = BookstoreService.swift; sourceTree = "<group>"; };
		91ADFF732A612D6200A3922F /* BookVItemView.swift */ = {isa = PBXFileReference; lastKnownFileType = sourcecode.swift; path = BookVItemView.swift; sourceTree = "<group>"; };
		91ADFF752A612D7600A3922F /* TopBarView.swift */ = {isa = PBXFileReference; lastKnownFileType = sourcecode.swift; path = TopBarView.swift; sourceTree = "<group>"; };
		91ADFF772A612D8800A3922F /* SectionHeader.swift */ = {isa = PBXFileReference; lastKnownFileType = sourcecode.swift; path = SectionHeader.swift; sourceTree = "<group>"; };
		91ADFF792A612D9600A3922F /* DeferView.swift */ = {isa = PBXFileReference; lastKnownFileType = sourcecode.swift; path = DeferView.swift; sourceTree = "<group>"; };
		91ADFF7B2A612DA800A3922F /* BookCover.swift */ = {isa = PBXFileReference; lastKnownFileType = sourcecode.swift; path = BookCover.swift; sourceTree = "<group>"; };
		91ADFF7D2A612DBB00A3922F /* Avatar.swift */ = {isa = PBXFileReference; lastKnownFileType = sourcecode.swift; path = Avatar.swift; sourceTree = "<group>"; };
		91ADFF7F2A612DCB00A3922F /* BlurView.swift */ = {isa = PBXFileReference; lastKnownFileType = sourcecode.swift; path = BlurView.swift; sourceTree = "<group>"; };
		91ADFF812A612DDA00A3922F /* UIAlertController.swift */ = {isa = PBXFileReference; lastKnownFileType = sourcecode.swift; path = UIAlertController.swift; sourceTree = "<group>"; };
		91ADFF832A612DE800A3922F /* DeferNavigationLink.swift */ = {isa = PBXFileReference; lastKnownFileType = sourcecode.swift; path = DeferNavigationLink.swift; sourceTree = "<group>"; };
		91ADFF862A612E1A00A3922F /* Color+Utility.swift */ = {isa = PBXFileReference; lastKnownFileType = sourcecode.swift; path = "Color+Utility.swift"; sourceTree = "<group>"; };
		91ADFF882A612E2D00A3922F /* Convertible.swift */ = {isa = PBXFileReference; lastKnownFileType = sourcecode.swift; path = Convertible.swift; sourceTree = "<group>"; };
		91ADFF8A2A612E3F00A3922F /* FoundationExtension.swift */ = {isa = PBXFileReference; lastKnownFileType = sourcecode.swift; path = FoundationExtension.swift; sourceTree = "<group>"; };
		91ADFF8C2A612E5500A3922F /* Screen.swift */ = {isa = PBXFileReference; lastKnownFileType = sourcecode.swift; path = Screen.swift; sourceTree = "<group>"; };
		91ADFF8E2A61399C00A3922F /* ThemeColor.swift */ = {isa = PBXFileReference; lastKnownFileType = sourcecode.swift; path = ThemeColor.swift; sourceTree = "<group>"; };
		91ADFF902A6139BB00A3922F /* Book.swift */ = {isa = PBXFileReference; lastKnownFileType = sourcecode.swift; path = Book.swift; sourceTree = "<group>"; };
		91ADFF922A613AC000A3922F /* BookDetailPage.swift */ = {isa = PBXFileReference; lastKnownFileType = sourcecode.swift; path = BookDetailPage.swift; sourceTree = "<group>"; };
		91ADFF942A613B3000A3922F /* BookDetailViewModel.swift */ = {isa = PBXFileReference; lastKnownFileType = sourcecode.swift; path = BookDetailViewModel.swift; sourceTree = "<group>"; };
		91ADFF962A613B5A00A3922F /* CommentCell.swift */ = {isa = PBXFileReference; lastKnownFileType = sourcecode.swift; path = CommentCell.swift; sourceTree = "<group>"; };
		91ADFF982A613B8200A3922F /* BookDetailHeader.swift */ = {isa = PBXFileReference; lastKnownFileType = sourcecode.swift; path = BookDetailHeader.swift; sourceTree = "<group>"; };
		91ADFF9C2A613BFA00A3922F /* BookDetailService.swift */ = {isa = PBXFileReference; lastKnownFileType = sourcecode.swift; path = BookDetailService.swift; sourceTree = "<group>"; };
		91ADFF9E2A613C1C00A3922F /* ServiceError.swift */ = {isa = PBXFileReference; lastKnownFileType = sourcecode.swift; path = ServiceError.swift; sourceTree = "<group>"; };
		91B9006B2A61CF0700DAB647 /* SmallSquareBox.app */ = {isa = PBXFileReference; explicitFileType = wrapper.application; includeInIndex = 0; path = SmallSquareBox.app; sourceTree = BUILT_PRODUCTS_DIR; };
		91B9006C2A61CF0700DAB647 /* SmallSquareBoxTests.xctest */ = {isa = PBXFileReference; explicitFileType = wrapper.cfbundle; includeInIndex = 0; path = SmallSquareBoxTests.xctest; sourceTree = BUILT_PRODUCTS_DIR; };
		91B9006D2A61CF0700DAB647 /* SmallSquareBoxUITests.xctest */ = {isa = PBXFileReference; explicitFileType = wrapper.cfbundle; includeInIndex = 0; path = SmallSquareBoxUITests.xctest; sourceTree = BUILT_PRODUCTS_DIR; };
		91FE3C182A61BF4D00F73D2E /* ImageWithURL.swift */ = {isa = PBXFileReference; lastKnownFileType = sourcecode.swift; path = ImageWithURL.swift; sourceTree = "<group>"; };
/* End PBXFileReference section */

/* Begin PBXFrameworksBuildPhase section */
		914AD3192A5BE8420010DEF5 /* Frameworks */ = {
			isa = PBXFrameworksBuildPhase;
			buildActionMask = 2147483647;
			files = (
			);
			runOnlyForDeploymentPostprocessing = 0;
		};
		914AD3292A5BE8430010DEF5 /* Frameworks */ = {
			isa = PBXFrameworksBuildPhase;
			buildActionMask = 2147483647;
			files = (
			);
			runOnlyForDeploymentPostprocessing = 0;
		};
		914AD3332A5BE8430010DEF5 /* Frameworks */ = {
			isa = PBXFrameworksBuildPhase;
			buildActionMask = 2147483647;
			files = (
			);
			runOnlyForDeploymentPostprocessing = 0;
		};
/* End PBXFrameworksBuildPhase section */

/* Begin PBXGroup section */
		7470A53678B18CC87AAD18EC /* Pods */ = {
			isa = PBXGroup;
			children = (
				9016FAC5C072667049984CCA /* Pods-SmallSquareBox.debug.xcconfig */,
				2B5BB372E089F1ACB7075D96 /* Pods-SmallSquareBox.release.xcconfig */,
			);
			path = Pods;
			sourceTree = "<group>";
		};
		914AD3132A5BE8420010DEF5 = {
			isa = PBXGroup;
			children = (
				914AD31E2A5BE8420010DEF5 /* SmallSquareBox */,
				914AD32F2A5BE8430010DEF5 /* SmallSquareBoxTests */,
				914AD3392A5BE8430010DEF5 /* SmallSquareBoxUITests */,
				7470A53678B18CC87AAD18EC /* Pods */,
				91B9006B2A61CF0700DAB647 /* SmallSquareBox.app */,
				91B9006C2A61CF0700DAB647 /* SmallSquareBoxTests.xctest */,
				91B9006D2A61CF0700DAB647 /* SmallSquareBoxUITests.xctest */,
			);
			sourceTree = "<group>";
		};
		914AD31E2A5BE8420010DEF5 /* SmallSquareBox */ = {
			isa = PBXGroup;
			children = (
				91ADFF852A612E0A00A3922F /* Utility */,
				91ADFF722A612D5200A3922F /* Widget */,
				914AD3512A5C311D0010DEF5 /* RootItemView4 */,
				914AD3502A5C31110010DEF5 /* RootItemView3 */,
				914AD34F2A5C31040010DEF5 /* RootItemView2 */,
				914AD34E2A5C30E60010DEF5 /* RootItenView1 */,
				914AD34B2A5C24F70010DEF5 /* Root */,
				914AD31F2A5BE8420010DEF5 /* SmallSquareBoxApp.swift */,
				914AD3232A5BE8420010DEF5 /* Assets.xcassets */,
				914AD3252A5BE8420010DEF5 /* Preview Content */,
			);
			path = SmallSquareBox;
			sourceTree = "<group>";
		};
		914AD3252A5BE8420010DEF5 /* Preview Content */ = {
			isa = PBXGroup;
			children = (
				914AD3262A5BE8420010DEF5 /* Preview Assets.xcassets */,
			);
			path = "Preview Content";
			sourceTree = "<group>";
		};
		914AD32F2A5BE8430010DEF5 /* SmallSquareBoxTests */ = {
			isa = PBXGroup;
			children = (
				914AD3302A5BE8430010DEF5 /* SmallSquareBoxTests.swift */,
			);
			path = SmallSquareBoxTests;
			sourceTree = "<group>";
		};
		914AD3392A5BE8430010DEF5 /* SmallSquareBoxUITests */ = {
			isa = PBXGroup;
			children = (
				914AD33A2A5BE8430010DEF5 /* SmallSquareBoxUITests.swift */,
				914AD33C2A5BE8430010DEF5 /* SmallSquareBoxUITestsLaunchTests.swift */,
			);
			path = SmallSquareBoxUITests;
			sourceTree = "<group>";
		};
		914AD34B2A5C24F70010DEF5 /* Root */ = {
			isa = PBXGroup;
			children = (
				914AD34C2A5C252C0010DEF5 /* RootView.swift */,
			);
			path = Root;
			sourceTree = "<group>";
		};
		914AD34E2A5C30E60010DEF5 /* RootItenView1 */ = {
			isa = PBXGroup;
			children = (
				914AD3642A5D42AD0010DEF5 /* DetView */,
				914AD3562A5C31660010DEF5 /* HomeView1.swift */,
			);
			path = RootItenView1;
			sourceTree = "<group>";
		};
		914AD34F2A5C31040010DEF5 /* RootItemView2 */ = {
			isa = PBXGroup;
			children = (
				91ADFF5B2A612B9C00A3922F /* subView */,
				914AD3542A5C31520010DEF5 /* BookstorePage.swift */,
				91ADFF5C2A612BB400A3922F /* BookstoreListViewModel.swift */,
				91ADFF662A612C2300A3922F /* BookstoreListView.swift */,
				91ADFF682A612C3C00A3922F /* BookstoreListType.swift */,
				91ADFF6A2A612C5600A3922F /* BookstoreService.swift */,
				91ADFF942A613B3000A3922F /* BookDetailViewModel.swift */,
				91ADFF962A613B5A00A3922F /* CommentCell.swift */,
				91ADFF982A613B8200A3922F /* BookDetailHeader.swift */,
				91ADFF9E2A613C1C00A3922F /* ServiceError.swift */,
			);
			path = RootItemView2;
			sourceTree = "<group>";
		};
		914AD3502A5C31110010DEF5 /* RootItemView3 */ = {
			isa = PBXGroup;
			children = (
				914AD3582A5C316F0010DEF5 /* HomeView3.swift */,
			);
			path = RootItemView3;
			sourceTree = "<group>";
		};
		914AD3512A5C311D0010DEF5 /* RootItemView4 */ = {
			isa = PBXGroup;
			children = (
				914AD35A2A5C31780010DEF5 /* HomeView4.swift */,
			);
			path = RootItemView4;
			sourceTree = "<group>";
		};
		914AD3642A5D42AD0010DEF5 /* DetView */ = {
			isa = PBXGroup;
			children = (
				9191B9E12A602285000D772B /* MyMenu */,
				914AD36B2A5D53490010DEF5 /* Flash note */,
				914AD3622A5D427F0010DEF5 /* DetailsView04.swift */,
				914AD3602A5D42740010DEF5 /* DetailsView03.swift */,
				914AD35E2A5D426A0010DEF5 /* DetailsView02.swift */,
				914AD3652A5D43300010DEF5 /* DetailsView05.swift */,
				914AD3692A5D43420010DEF5 /* DetailsView07.swift */,
			);
			path = DetView;
			sourceTree = "<group>";
		};
		914AD36B2A5D53490010DEF5 /* Flash note */ = {
			isa = PBXGroup;
			children = (
				914AD3772A5ECF610010DEF5 /* ObservableObject */,
				914AD3762A5EC0620010DEF5 /* MVVM */,
				914AD3702A5E94F70010DEF5 /* ToastViewModifier.swift */,
			);
			path = "Flash note";
			sourceTree = "<group>";
		};
		914AD3762A5EC0620010DEF5 /* MVVM */ = {
			isa = PBXGroup;
			children = (
				914AD3722A5EBE7E0010DEF5 /* NoteModel.swift */,
				914AD3742A5EBFAC0010DEF5 /* ViewModel.swift */,
				914AD3782A5ECFB80010DEF5 /* DetailsView0MVVM.swift */,
				914AD37A2A5ECFD00010DEF5 /* NewNoteViewMVVM.swift */,
			);
			path = MVVM;
			sourceTree = "<group>";
		};
		914AD3772A5ECF610010DEF5 /* ObservableObject */ = {
			isa = PBXGroup;
			children = (
				914AD35C2A5D31BD0010DEF5 /* DetailsView01.swift */,
				914AD36C2A5D900F0010DEF5 /* NoteItem.swift */,
				914AD36E2A5E52860010DEF5 /* NewNoteView.swift */,
			);
			path = ObservableObject;
			sourceTree = "<group>";
		};
		9191B9E12A602285000D772B /* MyMenu */ = {
			isa = PBXGroup;
			children = (
				914AD3672A5D43380010DEF5 /* DetailsView06.swift */,
				9191B9E22A60229C000D772B /* MyMenu.swift */,
				9191B9E72A602336000D772B /* ViewModelMyMenu.swift */,
				9191B9E92A6026B5000D772B /* LoadingView.swift */,
				91ADFF592A604C6E00A3922F /* ColorHexString.swift */,
			);
			path = MyMenu;
			sourceTree = "<group>";
		};
		91ADFF5B2A612B9C00A3922F /* subView */ = {
			isa = PBXGroup;
			children = (
				91ADFF5E2A612BD200A3922F /* BookGridView.swift */,
				91ADFF602A612BE700A3922F /* BookHybirdView.swift */,
				91ADFF622A612BFB00A3922F /* BookstoreMenuView.swift */,
				91ADFF642A612C0800A3922F /* BookHorizontalView.swift */,
				91ADFF902A6139BB00A3922F /* Book.swift */,
				91ADFF922A613AC000A3922F /* BookDetailPage.swift */,
				91ADFF9C2A613BFA00A3922F /* BookDetailService.swift */,
			);
			path = subView;
			sourceTree = "<group>";
		};
		91ADFF722A612D5200A3922F /* Widget */ = {
			isa = PBXGroup;
			children = (
				91ADFF732A612D6200A3922F /* BookVItemView.swift */,
				91ADFF752A612D7600A3922F /* TopBarView.swift */,
				91ADFF772A612D8800A3922F /* SectionHeader.swift */,
				91ADFF792A612D9600A3922F /* DeferView.swift */,
				91ADFF7B2A612DA800A3922F /* BookCover.swift */,
				91ADFF7D2A612DBB00A3922F /* Avatar.swift */,
				91ADFF7F2A612DCB00A3922F /* BlurView.swift */,
				91ADFF812A612DDA00A3922F /* UIAlertController.swift */,
				91ADFF832A612DE800A3922F /* DeferNavigationLink.swift */,
				91FE3C182A61BF4D00F73D2E /* ImageWithURL.swift */,
			);
			path = Widget;
			sourceTree = "<group>";
		};
		91ADFF852A612E0A00A3922F /* Utility */ = {
			isa = PBXGroup;
			children = (
				91ADFF862A612E1A00A3922F /* Color+Utility.swift */,
				91ADFF882A612E2D00A3922F /* Convertible.swift */,
				91ADFF8A2A612E3F00A3922F /* FoundationExtension.swift */,
				91ADFF8C2A612E5500A3922F /* Screen.swift */,
				91ADFF8E2A61399C00A3922F /* ThemeColor.swift */,
			);
			path = Utility;
			sourceTree = "<group>";
		};
/* End PBXGroup section */

/* Begin PBXNativeTarget section */
		914AD31B2A5BE8420010DEF5 /* SmallSquareBox */ = {
			isa = PBXNativeTarget;
			buildConfigurationList = 914AD3402A5BE8430010DEF5 /* Build configuration list for PBXNativeTarget "SmallSquareBox" */;
			buildPhases = (
				8488ABD22852C08CB45DF2F4 /* [CP] Check Pods Manifest.lock */,
				914AD3182A5BE8420010DEF5 /* Sources */,
				914AD3192A5BE8420010DEF5 /* Frameworks */,
				914AD31A2A5BE8420010DEF5 /* Resources */,
			);
			buildRules = (
			);
			dependencies = (
			);
			name = SmallSquareBox;
			productName = SmallSquareBox;
			productReference = 91B9006B2A61CF0700DAB647 /* SmallSquareBox.app */;
			productType = "com.apple.product-type.application";
		};
		914AD32B2A5BE8430010DEF5 /* SmallSquareBoxTests */ = {
			isa = PBXNativeTarget;
			buildConfigurationList = 914AD3432A5BE8430010DEF5 /* Build configuration list for PBXNativeTarget "SmallSquareBoxTests" */;
			buildPhases = (
				914AD3282A5BE8430010DEF5 /* Sources */,
				914AD3292A5BE8430010DEF5 /* Frameworks */,
				914AD32A2A5BE8430010DEF5 /* Resources */,
			);
			buildRules = (
			);
			dependencies = (
				914AD32E2A5BE8430010DEF5 /* PBXTargetDependency */,
			);
			name = SmallSquareBoxTests;
			productName = SmallSquareBoxTests;
			productReference = 91B9006C2A61CF0700DAB647 /* SmallSquareBoxTests.xctest */;
			productType = "com.apple.product-type.bundle.unit-test";
		};
		914AD3352A5BE8430010DEF5 /* SmallSquareBoxUITests */ = {
			isa = PBXNativeTarget;
			buildConfigurationList = 914AD3462A5BE8430010DEF5 /* Build configuration list for PBXNativeTarget "SmallSquareBoxUITests" */;
			buildPhases = (
				914AD3322A5BE8430010DEF5 /* Sources */,
				914AD3332A5BE8430010DEF5 /* Frameworks */,
				914AD3342A5BE8430010DEF5 /* Resources */,
			);
			buildRules = (
			);
			dependencies = (
				914AD3382A5BE8430010DEF5 /* PBXTargetDependency */,
			);
			name = SmallSquareBoxUITests;
			productName = SmallSquareBoxUITests;
			productReference = 91B9006D2A61CF0700DAB647 /* SmallSquareBoxUITests.xctest */;
			productType = "com.apple.product-type.bundle.ui-testing";
		};
/* End PBXNativeTarget section */

/* Begin PBXProject section */
		914AD3142A5BE8420010DEF5 /* Project object */ = {
			isa = PBXProject;
			attributes = {
				BuildIndependentTargetsInParallel = 1;
				LastSwiftUpdateCheck = 1430;
				LastUpgradeCheck = 1430;
				TargetAttributes = {
					914AD31B2A5BE8420010DEF5 = {
						CreatedOnToolsVersion = 14.3.1;
					};
					914AD32B2A5BE8430010DEF5 = {
						CreatedOnToolsVersion = 14.3.1;
						TestTargetID = 914AD31B2A5BE8420010DEF5;
					};
					914AD3352A5BE8430010DEF5 = {
						CreatedOnToolsVersion = 14.3.1;
						TestTargetID = 914AD31B2A5BE8420010DEF5;
					};
				};
			};
			buildConfigurationList = 914AD3172A5BE8420010DEF5 /* Build configuration list for PBXProject "SmallSquareBox" */;
			compatibilityVersion = "Xcode 14.0";
			developmentRegion = en;
			hasScannedForEncodings = 0;
			knownRegions = (
				en,
				Base,
			);
			mainGroup = 914AD3132A5BE8420010DEF5;
			productRefGroup = 914AD3132A5BE8420010DEF5;
			projectDirPath = "";
			projectRoot = "";
			targets = (
				914AD31B2A5BE8420010DEF5 /* SmallSquareBox */,
				914AD32B2A5BE8430010DEF5 /* SmallSquareBoxTests */,
				914AD3352A5BE8430010DEF5 /* SmallSquareBoxUITests */,
			);
		};
/* End PBXProject section */

/* Begin PBXResourcesBuildPhase section */
		914AD31A2A5BE8420010DEF5 /* Resources */ = {
			isa = PBXResourcesBuildPhase;
			buildActionMask = 2147483647;
			files = (
				914AD3272A5BE8420010DEF5 /* Preview Assets.xcassets in Resources */,
				914AD3242A5BE8420010DEF5 /* Assets.xcassets in Resources */,
			);
			runOnlyForDeploymentPostprocessing = 0;
		};
		914AD32A2A5BE8430010DEF5 /* Resources */ = {
			isa = PBXResourcesBuildPhase;
			buildActionMask = 2147483647;
			files = (
			);
			runOnlyForDeploymentPostprocessing = 0;
		};
		914AD3342A5BE8430010DEF5 /* Resources */ = {
			isa = PBXResourcesBuildPhase;
			buildActionMask = 2147483647;
			files = (
			);
			runOnlyForDeploymentPostprocessing = 0;
		};
/* End PBXResourcesBuildPhase section */

/* Begin PBXShellScriptBuildPhase section */
		8488ABD22852C08CB45DF2F4 /* [CP] Check Pods Manifest.lock */ = {
			isa = PBXShellScriptBuildPhase;
			buildActionMask = 2147483647;
			files = (
			);
			inputFileListPaths = (
			);
			inputPaths = (
				"${PODS_PODFILE_DIR_PATH}/Podfile.lock",
				"${PODS_ROOT}/Manifest.lock",
			);
			name = "[CP] Check Pods Manifest.lock";
			outputFileListPaths = (
			);
			outputPaths = (
				"$(DERIVED_FILE_DIR)/Pods-SmallSquareBox-checkManifestLockResult.txt",
			);
			runOnlyForDeploymentPostprocessing = 0;
			shellPath = /bin/sh;
			shellScript = "diff \"${PODS_PODFILE_DIR_PATH}/Podfile.lock\" \"${PODS_ROOT}/Manifest.lock\" > /dev/null\nif [ $? != 0 ] ; then\n    # print error to STDERR\n    echo \"error: The sandbox is not in sync with the Podfile.lock. Run 'pod install' or update your CocoaPods installation.\" >&2\n    exit 1\nfi\n# This output is used by Xcode 'outputs' to avoid re-running this script phase.\necho \"SUCCESS\" > \"${SCRIPT_OUTPUT_FILE_0}\"\n";
			showEnvVarsInLog = 0;
		};
/* End PBXShellScriptBuildPhase section */

/* Begin PBXSourcesBuildPhase section */
		914AD3182A5BE8420010DEF5 /* Sources */ = {
			isa = PBXSourcesBuildPhase;
			buildActionMask = 2147483647;
			files = (
				914AD35B2A5C31780010DEF5 /* HomeView4.swift in Sources */,
				91ADFF672A612C2300A3922F /* BookstoreListView.swift in Sources */,
				91ADFF872A612E1A00A3922F /* Color+Utility.swift in Sources */,
				91FE3C192A61BF4D00F73D2E /* ImageWithURL.swift in Sources */,
				914AD3662A5D43300010DEF5 /* DetailsView05.swift in Sources */,
				91ADFF842A612DE800A3922F /* DeferNavigationLink.swift in Sources */,
				91ADFF972A613B5A00A3922F /* CommentCell.swift in Sources */,
				91ADFF8D2A612E5500A3922F /* Screen.swift in Sources */,
				914AD3632A5D427F0010DEF5 /* DetailsView04.swift in Sources */,
				91ADFF822A612DDA00A3922F /* UIAlertController.swift in Sources */,
				914AD35F2A5D426A0010DEF5 /* DetailsView02.swift in Sources */,
				914AD3592A5C316F0010DEF5 /* HomeView3.swift in Sources */,
				91ADFF742A612D6200A3922F /* BookVItemView.swift in Sources */,
				91ADFF8F2A61399C00A3922F /* ThemeColor.swift in Sources */,
				9191B9EA2A6026B5000D772B /* LoadingView.swift in Sources */,
				91ADFF652A612C0800A3922F /* BookHorizontalView.swift in Sources */,
				9191B9E82A602336000D772B /* ViewModelMyMenu.swift in Sources */,
				91ADFF5D2A612BB400A3922F /* BookstoreListViewModel.swift in Sources */,
				914AD37B2A5ECFD00010DEF5 /* NewNoteViewMVVM.swift in Sources */,
				914AD36A2A5D43420010DEF5 /* DetailsView07.swift in Sources */,
				914AD35D2A5D31BD0010DEF5 /* DetailsView01.swift in Sources */,
				91ADFF5A2A604C6E00A3922F /* ColorHexString.swift in Sources */,
				91ADFF912A6139BB00A3922F /* Book.swift in Sources */,
				91ADFF612A612BE700A3922F /* BookHybirdView.swift in Sources */,
				914AD3712A5E94F70010DEF5 /* ToastViewModifier.swift in Sources */,
				91ADFF782A612D8800A3922F /* SectionHeader.swift in Sources */,
				91ADFF7E2A612DBB00A3922F /* Avatar.swift in Sources */,
				91ADFF632A612BFB00A3922F /* BookstoreMenuView.swift in Sources */,
				91ADFF762A612D7600A3922F /* TopBarView.swift in Sources */,
				91ADFF7C2A612DA800A3922F /* BookCover.swift in Sources */,
				91ADFF9F2A613C1C00A3922F /* ServiceError.swift in Sources */,
				91ADFF5F2A612BD200A3922F /* BookGridView.swift in Sources */,
				914AD3202A5BE8420010DEF5 /* SmallSquareBoxApp.swift in Sources */,
				91ADFF692A612C3C00A3922F /* BookstoreListType.swift in Sources */,
				91ADFF992A613B8200A3922F /* BookDetailHeader.swift in Sources */,
				91ADFF8B2A612E3F00A3922F /* FoundationExtension.swift in Sources */,
				914AD3792A5ECFB80010DEF5 /* DetailsView0MVVM.swift in Sources */,
				914AD34D2A5C252C0010DEF5 /* RootView.swift in Sources */,
				91ADFF892A612E2D00A3922F /* Convertible.swift in Sources */,
				914AD3752A5EBFAC0010DEF5 /* ViewModel.swift in Sources */,
				914AD3612A5D42740010DEF5 /* DetailsView03.swift in Sources */,
				914AD3732A5EBE7E0010DEF5 /* NoteModel.swift in Sources */,
				9191B9E32A60229C000D772B /* MyMenu.swift in Sources */,
				91ADFF9D2A613BFA00A3922F /* BookDetailService.swift in Sources */,
				91ADFF6B2A612C5600A3922F /* BookstoreService.swift in Sources */,
				914AD36D2A5D900F0010DEF5 /* NoteItem.swift in Sources */,
				914AD3682A5D43380010DEF5 /* DetailsView06.swift in Sources */,
				91ADFF952A613B3000A3922F /* BookDetailViewModel.swift in Sources */,
				91ADFF932A613AC000A3922F /* BookDetailPage.swift in Sources */,
				914AD3572A5C31660010DEF5 /* HomeView1.swift in Sources */,
				91ADFF802A612DCB00A3922F /* BlurView.swift in Sources */,
				914AD36F2A5E52860010DEF5 /* NewNoteView.swift in Sources */,
				914AD3552A5C31520010DEF5 /* BookstorePage.swift in Sources */,
				91ADFF7A2A612D9600A3922F /* DeferView.swift in Sources */,
			);
			runOnlyForDeploymentPostprocessing = 0;
		};
		914AD3282A5BE8430010DEF5 /* Sources */ = {
			isa = PBXSourcesBuildPhase;
			buildActionMask = 2147483647;
			files = (
				914AD3312A5BE8430010DEF5 /* SmallSquareBoxTests.swift in Sources */,
			);
			runOnlyForDeploymentPostprocessing = 0;
		};
		914AD3322A5BE8430010DEF5 /* Sources */ = {
			isa = PBXSourcesBuildPhase;
			buildActionMask = 2147483647;
			files = (
				914AD33B2A5BE8430010DEF5 /* SmallSquareBoxUITests.swift in Sources */,
				914AD33D2A5BE8430010DEF5 /* SmallSquareBoxUITestsLaunchTests.swift in Sources */,
			);
			runOnlyForDeploymentPostprocessing = 0;
		};
/* End PBXSourcesBuildPhase section */

/* Begin PBXTargetDependency section */
		914AD32E2A5BE8430010DEF5 /* PBXTargetDependency */ = {
			isa = PBXTargetDependency;
			target = 914AD31B2A5BE8420010DEF5 /* SmallSquareBox */;
			targetProxy = 914AD32D2A5BE8430010DEF5 /* PBXContainerItemProxy */;
		};
		914AD3382A5BE8430010DEF5 /* PBXTargetDependency */ = {
			isa = PBXTargetDependency;
			target = 914AD31B2A5BE8420010DEF5 /* SmallSquareBox */;
			targetProxy = 914AD3372A5BE8430010DEF5 /* PBXContainerItemProxy */;
		};
/* End PBXTargetDependency section */

/* Begin XCBuildConfiguration section */
		914AD33E2A5BE8430010DEF5 /* Debug */ = {
			isa = XCBuildConfiguration;
			buildSettings = {
				ALWAYS_SEARCH_USER_PATHS = NO;
				CLANG_ANALYZER_NONNULL = YES;
				CLANG_ANALYZER_NUMBER_OBJECT_CONVERSION = YES_AGGRESSIVE;
				CLANG_CXX_LANGUAGE_STANDARD = "gnu++20";
				CLANG_ENABLE_MODULES = YES;
				CLANG_ENABLE_OBJC_ARC = YES;
				CLANG_ENABLE_OBJC_WEAK = YES;
				CLANG_WARN_BLOCK_CAPTURE_AUTORELEASING = YES;
				CLANG_WARN_BOOL_CONVERSION = YES;
				CLANG_WARN_COMMA = YES;
				CLANG_WARN_CONSTANT_CONVERSION = YES;
				CLANG_WARN_DEPRECATED_OBJC_IMPLEMENTATIONS = YES;
				CLANG_WARN_DIRECT_OBJC_ISA_USAGE = YES_ERROR;
				CLANG_WARN_DOCUMENTATION_COMMENTS = YES;
				CLANG_WARN_EMPTY_BODY = YES;
				CLANG_WARN_ENUM_CONVERSION = YES;
				CLANG_WARN_INFINITE_RECURSION = YES;
				CLANG_WARN_INT_CONVERSION = YES;
				CLANG_WARN_NON_LITERAL_NULL_CONVERSION = YES;
				CLANG_WARN_OBJC_IMPLICIT_RETAIN_SELF = YES;
				CLANG_WARN_OBJC_LITERAL_CONVERSION = YES;
				CLANG_WARN_OBJC_ROOT_CLASS = YES_ERROR;
				CLANG_WARN_QUOTED_INCLUDE_IN_FRAMEWORK_HEADER = YES;
				CLANG_WARN_RANGE_LOOP_ANALYSIS = YES;
				CLANG_WARN_STRICT_PROTOTYPES = YES;
				CLANG_WARN_SUSPICIOUS_MOVE = YES;
				CLANG_WARN_UNGUARDED_AVAILABILITY = YES_AGGRESSIVE;
				CLANG_WARN_UNREACHABLE_CODE = YES;
				CLANG_WARN__DUPLICATE_METHOD_MATCH = YES;
				COPY_PHASE_STRIP = NO;
				DEBUG_INFORMATION_FORMAT = dwarf;
				ENABLE_STRICT_OBJC_MSGSEND = YES;
				ENABLE_TESTABILITY = YES;
				GCC_C_LANGUAGE_STANDARD = gnu11;
				GCC_DYNAMIC_NO_PIC = NO;
				GCC_NO_COMMON_BLOCKS = YES;
				GCC_OPTIMIZATION_LEVEL = 0;
				GCC_PREPROCESSOR_DEFINITIONS = (
					"DEBUG=1",
					"$(inherited)",
				);
				GCC_WARN_64_TO_32_BIT_CONVERSION = YES;
				GCC_WARN_ABOUT_RETURN_TYPE = YES_ERROR;
				GCC_WARN_UNDECLARED_SELECTOR = YES;
				GCC_WARN_UNINITIALIZED_AUTOS = YES_AGGRESSIVE;
				GCC_WARN_UNUSED_FUNCTION = YES;
				GCC_WARN_UNUSED_VARIABLE = YES;
				IPHONEOS_DEPLOYMENT_TARGET = 16.4;
				MTL_ENABLE_DEBUG_INFO = INCLUDE_SOURCE;
				MTL_FAST_MATH = YES;
				ONLY_ACTIVE_ARCH = YES;
				SDKROOT = iphoneos;
				SWIFT_ACTIVE_COMPILATION_CONDITIONS = DEBUG;
				SWIFT_OPTIMIZATION_LEVEL = "-Onone";
			};
			name = Debug;
		};
		914AD33F2A5BE8430010DEF5 /* Release */ = {
			isa = XCBuildConfiguration;
			buildSettings = {
				ALWAYS_SEARCH_USER_PATHS = NO;
				CLANG_ANALYZER_NONNULL = YES;
				CLANG_ANALYZER_NUMBER_OBJECT_CONVERSION = YES_AGGRESSIVE;
				CLANG_CXX_LANGUAGE_STANDARD = "gnu++20";
				CLANG_ENABLE_MODULES = YES;
				CLANG_ENABLE_OBJC_ARC = YES;
				CLANG_ENABLE_OBJC_WEAK = YES;
				CLANG_WARN_BLOCK_CAPTURE_AUTORELEASING = YES;
				CLANG_WARN_BOOL_CONVERSION = YES;
				CLANG_WARN_COMMA = YES;
				CLANG_WARN_CONSTANT_CONVERSION = YES;
				CLANG_WARN_DEPRECATED_OBJC_IMPLEMENTATIONS = YES;
				CLANG_WARN_DIRECT_OBJC_ISA_USAGE = YES_ERROR;
				CLANG_WARN_DOCUMENTATION_COMMENTS = YES;
				CLANG_WARN_EMPTY_BODY = YES;
				CLANG_WARN_ENUM_CONVERSION = YES;
				CLANG_WARN_INFINITE_RECURSION = YES;
				CLANG_WARN_INT_CONVERSION = YES;
				CLANG_WARN_NON_LITERAL_NULL_CONVERSION = YES;
				CLANG_WARN_OBJC_IMPLICIT_RETAIN_SELF = YES;
				CLANG_WARN_OBJC_LITERAL_CONVERSION = YES;
				CLANG_WARN_OBJC_ROOT_CLASS = YES_ERROR;
				CLANG_WARN_QUOTED_INCLUDE_IN_FRAMEWORK_HEADER = YES;
				CLANG_WARN_RANGE_LOOP_ANALYSIS = YES;
				CLANG_WARN_STRICT_PROTOTYPES = YES;
				CLANG_WARN_SUSPICIOUS_MOVE = YES;
				CLANG_WARN_UNGUARDED_AVAILABILITY = YES_AGGRESSIVE;
				CLANG_WARN_UNREACHABLE_CODE = YES;
				CLANG_WARN__DUPLICATE_METHOD_MATCH = YES;
				COPY_PHASE_STRIP = NO;
				DEBUG_INFORMATION_FORMAT = "dwarf-with-dsym";
				ENABLE_NS_ASSERTIONS = NO;
				ENABLE_STRICT_OBJC_MSGSEND = YES;
				GCC_C_LANGUAGE_STANDARD = gnu11;
				GCC_NO_COMMON_BLOCKS = YES;
				GCC_WARN_64_TO_32_BIT_CONVERSION = YES;
				GCC_WARN_ABOUT_RETURN_TYPE = YES_ERROR;
				GCC_WARN_UNDECLARED_SELECTOR = YES;
				GCC_WARN_UNINITIALIZED_AUTOS = YES_AGGRESSIVE;
				GCC_WARN_UNUSED_FUNCTION = YES;
				GCC_WARN_UNUSED_VARIABLE = YES;
				IPHONEOS_DEPLOYMENT_TARGET = 16.4;
				MTL_ENABLE_DEBUG_INFO = NO;
				MTL_FAST_MATH = YES;
				SDKROOT = iphoneos;
				SWIFT_COMPILATION_MODE = wholemodule;
				SWIFT_OPTIMIZATION_LEVEL = "-O";
				VALIDATE_PRODUCT = YES;
			};
			name = Release;
		};
		914AD3412A5BE8430010DEF5 /* Debug */ = {
			isa = XCBuildConfiguration;
			baseConfigurationReference = 9016FAC5C072667049984CCA /* Pods-SmallSquareBox.debug.xcconfig */;
			buildSettings = {
				ASSETCATALOG_COMPILER_APPICON_NAME = AppIcon;
				ASSETCATALOG_COMPILER_GLOBAL_ACCENT_COLOR_NAME = AccentColor;
				CODE_SIGN_STYLE = Automatic;
				CURRENT_PROJECT_VERSION = 1;
				DEVELOPMENT_ASSET_PATHS = "\"SmallSquareBox/Preview Content\"";
				DEVELOPMENT_TEAM = 277M4B625Z;
				ENABLE_PREVIEWS = YES;
				GENERATE_INFOPLIST_FILE = YES;
				INFOPLIST_KEY_CFBundleDisplayName = "小方盒";
				INFOPLIST_KEY_UIApplicationSceneManifest_Generation = YES;
				INFOPLIST_KEY_UIApplicationSupportsIndirectInputEvents = YES;
				INFOPLIST_KEY_UILaunchScreen_Generation = YES;
				INFOPLIST_KEY_UISupportedInterfaceOrientations_iPad = "UIInterfaceOrientationPortrait UIInterfaceOrientationPortraitUpsideDown UIInterfaceOrientationLandscapeLeft UIInterfaceOrientationLandscapeRight";
				INFOPLIST_KEY_UISupportedInterfaceOrientations_iPhone = "UIInterfaceOrientationPortrait UIInterfaceOrientationLandscapeLeft UIInterfaceOrientationLandscapeRight";
				IPHONEOS_DEPLOYMENT_TARGET = 16.4;
				LD_RUNPATH_SEARCH_PATHS = (
					"$(inherited)",
					"@executable_path/Frameworks",
				);
				MARKETING_VERSION = 1.0;
				PRODUCT_BUNDLE_IDENTIFIER = com.allyn.SmallSquareBox;
				PRODUCT_NAME = "$(TARGET_NAME)";
				SWIFT_EMIT_LOC_STRINGS = YES;
				SWIFT_VERSION = 5.0;
				TARGETED_DEVICE_FAMILY = "1,2";
			};
			name = Debug;
		};
		914AD3422A5BE8430010DEF5 /* Release */ = {
			isa = XCBuildConfiguration;
			baseConfigurationReference = 2B5BB372E089F1ACB7075D96 /* Pods-SmallSquareBox.release.xcconfig */;
			buildSettings = {
				ASSETCATALOG_COMPILER_APPICON_NAME = AppIcon;
				ASSETCATALOG_COMPILER_GLOBAL_ACCENT_COLOR_NAME = AccentColor;
				CODE_SIGN_STYLE = Automatic;
				CURRENT_PROJECT_VERSION = 1;
				DEVELOPMENT_ASSET_PATHS = "\"SmallSquareBox/Preview Content\"";
				DEVELOPMENT_TEAM = 277M4B625Z;
				ENABLE_PREVIEWS = YES;
				GENERATE_INFOPLIST_FILE = YES;
				INFOPLIST_KEY_CFBundleDisplayName = "小方盒";
				INFOPLIST_KEY_UIApplicationSceneManifest_Generation = YES;
				INFOPLIST_KEY_UIApplicationSupportsIndirectInputEvents = YES;
				INFOPLIST_KEY_UILaunchScreen_Generation = YES;
				INFOPLIST_KEY_UISupportedInterfaceOrientations_iPad = "UIInterfaceOrientationPortrait UIInterfaceOrientationPortraitUpsideDown UIInterfaceOrientationLandscapeLeft UIInterfaceOrientationLandscapeRight";
				INFOPLIST_KEY_UISupportedInterfaceOrientations_iPhone = "UIInterfaceOrientationPortrait UIInterfaceOrientationLandscapeLeft UIInterfaceOrientationLandscapeRight";
				IPHONEOS_DEPLOYMENT_TARGET = 16.4;
				LD_RUNPATH_SEARCH_PATHS = (
					"$(inherited)",
					"@executable_path/Frameworks",
				);
				MARKETING_VERSION = 1.0;
				PRODUCT_BUNDLE_IDENTIFIER = com.allyn.SmallSquareBox;
				PRODUCT_NAME = "$(TARGET_NAME)";
				SWIFT_EMIT_LOC_STRINGS = YES;
				SWIFT_VERSION = 5.0;
				TARGETED_DEVICE_FAMILY = "1,2";
			};
			name = Release;
		};
		914AD3442A5BE8430010DEF5 /* Debug */ = {
			isa = XCBuildConfiguration;
			buildSettings = {
				ALWAYS_EMBED_SWIFT_STANDARD_LIBRARIES = YES;
				BUNDLE_LOADER = "$(TEST_HOST)";
				CODE_SIGN_STYLE = Automatic;
				CURRENT_PROJECT_VERSION = 1;
				DEVELOPMENT_TEAM = 277M4B625Z;
				GENERATE_INFOPLIST_FILE = YES;
				IPHONEOS_DEPLOYMENT_TARGET = 16.4;
				MARKETING_VERSION = 1.0;
				PRODUCT_BUNDLE_IDENTIFIER = com.allyn.SmallSquareBoxTests;
				PRODUCT_NAME = "$(TARGET_NAME)";
				SWIFT_EMIT_LOC_STRINGS = NO;
				SWIFT_VERSION = 5.0;
				TARGETED_DEVICE_FAMILY = "1,2";
				TEST_HOST = "$(BUILT_PRODUCTS_DIR)/SmallSquareBox.app/$(BUNDLE_EXECUTABLE_FOLDER_PATH)/SmallSquareBox";
			};
			name = Debug;
		};
		914AD3452A5BE8430010DEF5 /* Release */ = {
			isa = XCBuildConfiguration;
			buildSettings = {
				ALWAYS_EMBED_SWIFT_STANDARD_LIBRARIES = YES;
				BUNDLE_LOADER = "$(TEST_HOST)";
				CODE_SIGN_STYLE = Automatic;
				CURRENT_PROJECT_VERSION = 1;
				DEVELOPMENT_TEAM = 277M4B625Z;
				GENERATE_INFOPLIST_FILE = YES;
				IPHONEOS_DEPLOYMENT_TARGET = 16.4;
				MARKETING_VERSION = 1.0;
				PRODUCT_BUNDLE_IDENTIFIER = com.allyn.SmallSquareBoxTests;
				PRODUCT_NAME = "$(TARGET_NAME)";
				SWIFT_EMIT_LOC_STRINGS = NO;
				SWIFT_VERSION = 5.0;
				TARGETED_DEVICE_FAMILY = "1,2";
				TEST_HOST = "$(BUILT_PRODUCTS_DIR)/SmallSquareBox.app/$(BUNDLE_EXECUTABLE_FOLDER_PATH)/SmallSquareBox";
			};
			name = Release;
		};
		914AD3472A5BE8430010DEF5 /* Debug */ = {
			isa = XCBuildConfiguration;
			buildSettings = {
				ALWAYS_EMBED_SWIFT_STANDARD_LIBRARIES = YES;
				CODE_SIGN_STYLE = Automatic;
				CURRENT_PROJECT_VERSION = 1;
				DEVELOPMENT_TEAM = 277M4B625Z;
				GENERATE_INFOPLIST_FILE = YES;
				MARKETING_VERSION = 1.0;
				PRODUCT_BUNDLE_IDENTIFIER = com.allyn.SmallSquareBoxUITests;
				PRODUCT_NAME = "$(TARGET_NAME)";
				SWIFT_EMIT_LOC_STRINGS = NO;
				SWIFT_VERSION = 5.0;
				TARGETED_DEVICE_FAMILY = "1,2";
				TEST_TARGET_NAME = SmallSquareBox;
			};
			name = Debug;
		};
		914AD3482A5BE8430010DEF5 /* Release */ = {
			isa = XCBuildConfiguration;
			buildSettings = {
				ALWAYS_EMBED_SWIFT_STANDARD_LIBRARIES = YES;
				CODE_SIGN_STYLE = Automatic;
				CURRENT_PROJECT_VERSION = 1;
				DEVELOPMENT_TEAM = 277M4B625Z;
				GENERATE_INFOPLIST_FILE = YES;
				MARKETING_VERSION = 1.0;
				PRODUCT_BUNDLE_IDENTIFIER = com.allyn.SmallSquareBoxUITests;
				PRODUCT_NAME = "$(TARGET_NAME)";
				SWIFT_EMIT_LOC_STRINGS = NO;
				SWIFT_VERSION = 5.0;
				TARGETED_DEVICE_FAMILY = "1,2";
				TEST_TARGET_NAME = SmallSquareBox;
			};
			name = Release;
		};
/* End XCBuildConfiguration section */

/* Begin XCConfigurationList section */
		914AD3172A5BE8420010DEF5 /* Build configuration list for PBXProject "SmallSquareBox" */ = {
			isa = XCConfigurationList;
			buildConfigurations = (
				914AD33E2A5BE8430010DEF5 /* Debug */,
				914AD33F2A5BE8430010DEF5 /* Release */,
			);
			defaultConfigurationIsVisible = 0;
			defaultConfigurationName = Release;
		};
		914AD3402A5BE8430010DEF5 /* Build configuration list for PBXNativeTarget "SmallSquareBox" */ = {
			isa = XCConfigurationList;
			buildConfigurations = (
				914AD3412A5BE8430010DEF5 /* Debug */,
				914AD3422A5BE8430010DEF5 /* Release */,
			);
			defaultConfigurationIsVisible = 0;
			defaultConfigurationName = Release;
		};
		914AD3432A5BE8430010DEF5 /* Build configuration list for PBXNativeTarget "SmallSquareBoxTests" */ = {
			isa = XCConfigurationList;
			buildConfigurations = (
				914AD3442A5BE8430010DEF5 /* Debug */,
				914AD3452A5BE8430010DEF5 /* Release */,
			);
			defaultConfigurationIsVisible = 0;
			defaultConfigurationName = Release;
		};
		914AD3462A5BE8430010DEF5 /* Build configuration list for PBXNativeTarget "SmallSquareBoxUITests" */ = {
			isa = XCConfigurationList;
			buildConfigurations = (
				914AD3472A5BE8430010DEF5 /* Debug */,
				914AD3482A5BE8430010DEF5 /* Release */,
			);
			defaultConfigurationIsVisible = 0;
			defaultConfigurationName = Release;
		};
/* End XCConfigurationList section */
	};
	rootObject = 914AD3142A5BE8420010DEF5 /* Project object */;
}
